
Microsoft Visual Studio Solution File, Format Version 12.00
# Visual Studio Version 17
VisualStudioVersion = 17.6.33829.357
MinimumVisualStudioVersion = 10.0.40219.1
Project("{FAE04EC0-301F-11D3-BF4B-00C04F79EFBC}") = "DLScript", "DLScript\DLScript.csproj", "{7008A739-480D-41F1-935E-F6DD763E7A33}"
EndProject
Global
	GlobalSection(SolutionConfigurationPlatforms) = preSolution
		Debug|Any CPU = Debug|Any CPU
		Release|Any CPU = Release|Any CPU
	EndGlobalSection
	GlobalSection(ProjectConfigurationPlatforms) = postSolution
		{7008A739-480D-41F1-935E-F6DD763E7A33}.Debug|Any CPU.ActiveCfg = Debug|Any CPU
		{7008A739-480D-41F1-935E-F6DD763E7A33}.Debug|Any CPU.Build.0 = Debug|Any CPU
		{7008A739-480D-41F1-935E-F6DD763E7A33}.Release|Any CPU.ActiveCfg = Release|Any CPU
		{7008A739-480D-41F1-935E-F6DD763E7A33}.Release|Any CPU.Build.0 = Release|Any CPU
	EndGlobalSection
	GlobalSection(SolutionProperties) = preSolution
		HideSolutionNode = FALSE
	EndGlobalSection
	GlobalSection(ExtensibilityGlobals) = postSolution
		SolutionGuid = {A640FB0C-BBF7-4184-AF8A-EEB15A346DB0}
	EndGlobalSection
EndGlobal
